
Microsoft Visual Studio Solution File, Format Version 12.00
# Visual Studio Version 17
VisualStudioVersion = 17.5.002.0
MinimumVisualStudioVersion = 10.0.40219.1
Project("{9A19103F-16F7-4668-BE54-9A1E7A4F7556}") = "DesafioPOO", "DesafioPOO.csproj", "{B6D2FCC7-05CA-4579-9357-83D3A032A54D}"
EndProject
Global
	GlobalSection(SolutionConfigurationPlatforms) = preSolution
		Debug|Any CPU = Debug|Any CPU
		Release|Any CPU = Release|Any CPU
	EndGlobalSection
	GlobalSection(ProjectConfigurationPlatforms) = postSolution
		{B6D2FCC7-05CA-4579-9357-83D3A032A54D}.Debug|Any CPU.ActiveCfg = Debug|Any CPU
		{B6D2FCC7-05CA-4579-9357-83D3A032A54D}.Debug|Any CPU.Build.0 = Debug|Any CPU
		{B6D2FCC7-05CA-4579-9357-83D3A032A54D}.Release|Any CPU.ActiveCfg = Release|Any CPU
		{B6D2FCC7-05CA-4579-9357-83D3A032A54D}.Release|Any CPU.Build.0 = Release|Any CPU
	EndGlobalSection
	GlobalSection(SolutionProperties) = preSolution
		HideSolutionNode = FALSE
	EndGlobalSection
	GlobalSection(ExtensibilityGlobals) = postSolution
		SolutionGuid = {CEF97A97-9B3A-4872-9FEB-0B376C0EB570}
	EndGlobalSection
EndGlobal
